// !$*UTF8*$!
{
	archiveVersion = 1;
	classes = {
	};
	objectVersion = 77;
	objects = {

/* Begin PBXBuildFile section */
		0881E6DE04412072AC0A00FE /* BirdWidgetShared.swift in Sources */ = {isa = PBXBuildFile; fileRef = 9751BF090FB4EF093CC7F909 /* BirdWidgetShared.swift */; };
		153C63C72FCA4129009682A9 /* MelSpectrogramExtractor.swift in Sources */ = {isa = PBXBuildFile; fileRef = 153C63C62FCA4129009682A9 /* MelSpectrogramExtractor.swift */; };
		15960FBB2FCEC146004DE3BA /* PrivacyInfo.xcprivacy in Resources */ = {isa = PBXBuildFile; fileRef = 15960FBA2FCEC146004DE3BA /* PrivacyInfo.xcprivacy */; };
		1A379B01212B90C671893893 /* BirdIntents.swift in Sources */ = {isa = PBXBuildFile; fileRef = F884D1EB6B48161E206B0194 /* BirdIntents.swift */; };
		277F6FE6D1F357B37C3D1AB3 /* ListenWidget.swift in Sources */ = {isa = PBXBuildFile; fileRef = 78763E2C7824255927C7AE58 /* ListenWidget.swift */; };
		3B4604A8FCC650FA83E073D6 /* BirdWidgetBundle.swift in Sources */ = {isa = PBXBuildFile; fileRef = 649D5C1A554A6C9ADDCB0BE9 /* BirdWidgetBundle.swift */; };
		431C1C4EF6D1367C2133F24B /* BirdWidget.appex in Embed Foundation Extensions */ = {isa = PBXBuildFile; fileRef = DE3C68F7D1380FAA2834FABD /* BirdWidget.appex */; settings = {ATTRIBUTES = (RemoveHeadersOnCopy, ); }; };
		4D66C5ABDA8C937048429348 /* LastBirdWidget.swift in Sources */ = {isa = PBXBuildFile; fileRef = A648550A6E0CAB8C52C0EEA1 /* LastBirdWidget.swift */; };
		5708D04A6C527B13541B3527 /* BirdIntents.swift in Sources */ = {isa = PBXBuildFile; fileRef = F884D1EB6B48161E206B0194 /* BirdIntents.swift */; };
		712E7C9C1EB7BC0A4B6E5600 /* Localizable.strings in Resources */ = {isa = PBXBuildFile; fileRef = ED624740B2F6E6654862B332 /* Localizable.strings */; };
		A70987160A48DD726C00A5EC /* BirdWidgetShared.swift in Sources */ = {isa = PBXBuildFile; fileRef = 9751BF090FB4EF093CC7F909 /* BirdWidgetShared.swift */; };
/* End PBXBuildFile section */

/* Begin PBXContainerItemProxy section */
		8404F6FFCA6244B55C560FD8 /* PBXContainerItemProxy */ = {
			isa = PBXContainerItemProxy;
			containerPortal = 153C63902FC9B595009682A9 /* Project object */;
			proxyType = 1;
			remoteGlobalIDString = BDA7B6B42752290A39664271;
			remoteInfo = BirdWidget;
		};
/* End PBXContainerItemProxy section */

/* Begin PBXCopyFilesBuildPhase section */
		2FD6C14A8193B4F5C5E730E4 /* Embed Foundation Extensions */ = {
			isa = PBXCopyFilesBuildPhase;
			buildActionMask = 2147483647;
			dstPath = "";
			dstSubfolderSpec = 13;
			files = (
				431C1C4EF6D1367C2133F24B /* BirdWidget.appex in Embed Foundation Extensions */,
			);
			name = "Embed Foundation Extensions";
			runOnlyForDeploymentPostprocessing = 0;
		};
/* End PBXCopyFilesBuildPhase section */

/* Begin PBXFileReference section */
		153C63982FC9B595009682A9 /* BirdApp.app */ = {isa = PBXFileReference; explicitFileType = wrapper.application; includeInIndex = 0; path = BirdApp.app; sourceTree = BUILT_PRODUCTS_DIR; };
		153C63C62FCA4129009682A9 /* MelSpectrogramExtractor.swift */ = {isa = PBXFileReference; lastKnownFileType = sourcecode.swift; path = MelSpectrogramExtractor.swift; sourceTree = "<group>"; };
		15960FBA2FCEC146004DE3BA /* PrivacyInfo.xcprivacy */ = {isa = PBXFileReference; lastKnownFileType = text.xml; path = PrivacyInfo.xcprivacy; sourceTree = "<group>"; };
		30A36E98948E883D78EF0D42 /* it */ = {isa = PBXFileReference; includeInIndex = 1; lastKnownFileType = text.plist.strings; name = it; path = it.lproj/Localizable.strings; sourceTree = "<group>"; };
		649D5C1A554A6C9ADDCB0BE9 /* BirdWidgetBundle.swift */ = {isa = PBXFileReference; includeInIndex = 1; lastKnownFileType = sourcecode.swift; path = BirdWidgetBundle.swift; sourceTree = "<group>"; };
		78763E2C7824255927C7AE58 /* ListenWidget.swift */ = {isa = PBXFileReference; includeInIndex = 1; lastKnownFileType = sourcecode.swift; path = ListenWidget.swift; sourceTree = "<group>"; };
		7E06DE9BA9A6495A5D23CA2F /* Foundation.framework */ = {isa = PBXFileReference; lastKnownFileType = wrapper.framework; name = Foundation.framework; path = Platforms/iPhoneOS.platform/Developer/SDKs/iPhoneOS18.0.sdk/System/Library/Frameworks/Foundation.framework; sourceTree = DEVELOPER_DIR; };
		807DF9EF07561303B744FFA8 /* de */ = {isa = PBXFileReference; includeInIndex = 1; lastKnownFileType = text.plist.strings; name = de; path = de.lproj/Localizable.strings; sourceTree = "<group>"; };
		9751BF090FB4EF093CC7F909 /* BirdWidgetShared.swift */ = {isa = PBXFileReference; includeInIndex = 1; lastKnownFileType = sourcecode.swift; path = BirdWidgetShared.swift; sourceTree = "<group>"; };
		A648550A6E0CAB8C52C0EEA1 /* LastBirdWidget.swift */ = {isa = PBXFileReference; includeInIndex = 1; lastKnownFileType = sourcecode.swift; path = LastBirdWidget.swift; sourceTree = "<group>"; };
		ADD053E4DE79F3959A463561 /* pt-PT */ = {isa = PBXFileReference; includeInIndex = 1; lastKnownFileType = text.plist.strings; name = "pt-PT"; path = "pt-PT.lproj/Localizable.strings"; sourceTree = "<group>"; };
		BAB4BF65341A81F6BE8C9099 /* es */ = {isa = PBXFileReference; includeInIndex = 1; lastKnownFileType = text.plist.strings; name = es; path = es.lproj/Localizable.strings; sourceTree = "<group>"; };
		DE3C68F7D1380FAA2834FABD /* BirdWidget.appex */ = {isa = PBXFileReference; explicitFileType = "wrapper.app-extension"; includeInIndex = 0; path = BirdWidget.appex; sourceTree = BUILT_PRODUCTS_DIR; };
		E759E352C92C8ED695A6378F /* fr */ = {isa = PBXFileReference; includeInIndex = 1; lastKnownFileType = text.plist.strings; name = fr; path = fr.lproj/Localizable.strings; sourceTree = "<group>"; };
		E9A5E4473A6733FE10F2CD1D /* en */ = {isa = PBXFileReference; includeInIndex = 1; lastKnownFileType = text.plist.strings; name = en; path = en.lproj/Localizable.strings; sourceTree = "<group>"; };
		F884D1EB6B48161E206B0194 /* BirdIntents.swift */ = {isa = PBXFileReference; includeInIndex = 1; lastKnownFileType = sourcecode.swift; path = BirdIntents.swift; sourceTree = "<group>"; };
/* End PBXFileReference section */

/* Begin PBXFileSystemSynchronizedRootGroup section */
		153C639A2FC9B595009682A9 /* BirdApp */ = {
			isa = PBXFileSystemSynchronizedRootGroup;
			exceptions = (
			);
			path = BirdApp;
			sourceTree = "<group>";
		};
/* End PBXFileSystemSynchronizedRootGroup section */

/* Begin PBXFrameworksBuildPhase section */
		153C63952FC9B595009682A9 /* Frameworks */ = {
			isa = PBXFrameworksBuildPhase;
			buildActionMask = 2147483647;
			files = (
			);
			runOnlyForDeploymentPostprocessing = 0;
		};
		9CAAE1CC7257F0E4E0C2817F /* Frameworks */ = {
			isa = PBXFrameworksBuildPhase;
			buildActionMask = 2147483647;
			files = (
			);
			runOnlyForDeploymentPostprocessing = 0;
		};
/* End PBXFrameworksBuildPhase section */

/* Begin PBXGroup section */
		0F8B19C2AF8489A62B2750E4 /* iOS */ = {
			isa = PBXGroup;
			children = (
				7E06DE9BA9A6495A5D23CA2F /* Foundation.framework */,
			);
			name = iOS;
			sourceTree = "<group>";
		};
		10B2B083231D5102AED1625C /* Shared */ = {
			isa = PBXGroup;
			children = (
				9751BF090FB4EF093CC7F909 /* BirdWidgetShared.swift */,
				F884D1EB6B48161E206B0194 /* BirdIntents.swift */,
			);
			name = Shared;
			path = Shared;
			sourceTree = "<group>";
		};
		153C638F2FC9B595009682A9 = {
			isa = PBXGroup;
			children = (
				153C639A2FC9B595009682A9 /* BirdApp */,
				153C63C52FCA0029009682A9 /* Frameworks */,
				153C63992FC9B595009682A9 /* Products */,
				153C63C62FCA4129009682A9 /* MelSpectrogramExtractor.swift */,
				15960FBA2FCEC146004DE3BA /* PrivacyInfo.xcprivacy */,
				70339BBF707AADD63F7CE345 /* BirdWidget */,
				10B2B083231D5102AED1625C /* Shared */,
			);
			sourceTree = "<group>";
		};
		153C63992FC9B595009682A9 /* Products */ = {
			isa = PBXGroup;
			children = (
				153C63982FC9B595009682A9 /* BirdApp.app */,
				DE3C68F7D1380FAA2834FABD /* BirdWidget.appex */,
			);
			name = Products;
			sourceTree = "<group>";
		};
		153C63C52FCA0029009682A9 /* Frameworks */ = {
			isa = PBXGroup;
			children = (
				0F8B19C2AF8489A62B2750E4 /* iOS */,
			);
			name = Frameworks;
			sourceTree = "<group>";
		};
		70339BBF707AADD63F7CE345 /* BirdWidget */ = {
			isa = PBXGroup;
			children = (
				649D5C1A554A6C9ADDCB0BE9 /* BirdWidgetBundle.swift */,
				78763E2C7824255927C7AE58 /* ListenWidget.swift */,
				A648550A6E0CAB8C52C0EEA1 /* LastBirdWidget.swift */,
				ED624740B2F6E6654862B332 /* Localizable.strings */,
			);
			name = BirdWidget;
			path = BirdWidget;
			sourceTree = "<group>";
		};
/* End PBXGroup section */

/* Begin PBXNativeTarget section */
		153C63972FC9B595009682A9 /* BirdApp */ = {
			isa = PBXNativeTarget;
			buildConfigurationList = 153C63A32FC9B597009682A9 /* Build configuration list for PBXNativeTarget "BirdApp" */;
			buildPhases = (
				153C63942FC9B595009682A9 /* Sources */,
				153C63952FC9B595009682A9 /* Frameworks */,
				153C63962FC9B595009682A9 /* Resources */,
				2FD6C14A8193B4F5C5E730E4 /* Embed Foundation Extensions */,
			);
			buildRules = (
			);
			dependencies = (
				6F73CCD03FC8FB554217FBC7 /* PBXTargetDependency */,
			);
			fileSystemSynchronizedGroups = (
				153C639A2FC9B595009682A9 /* BirdApp */,
			);
			name = BirdApp;
			productName = BirdApp;
			productReference = 153C63982FC9B595009682A9 /* BirdApp.app */;
			productType = "com.apple.product-type.application";
		};
		BDA7B6B42752290A39664271 /* BirdWidget */ = {
			isa = PBXNativeTarget;
			buildConfigurationList = 26F4EE805EA12B332A162779 /* Build configuration list for PBXNativeTarget "BirdWidget" */;
			buildPhases = (
				487BA6B1EDA3B65D30220217 /* Sources */,
				9CAAE1CC7257F0E4E0C2817F /* Frameworks */,
				9E78B2F3441307FDC7B835CE /* Resources */,
			);
			buildRules = (
			);
			dependencies = (
			);
			name = BirdWidget;
			productName = BirdWidget;
			productReference = DE3C68F7D1380FAA2834FABD /* BirdWidget.appex */;
			productType = "com.apple.product-type.app-extension";
		};
/* End PBXNativeTarget section */

/* Begin PBXProject section */
		153C63902FC9B595009682A9 /* Project object */ = {
			isa = PBXProject;
			attributes = {
				BuildIndependentTargetsInParallel = 1;
				LastSwiftUpdateCheck = 2650;
				LastUpgradeCheck = 2650;
				TargetAttributes = {
					153C63972FC9B595009682A9 = {
						CreatedOnToolsVersion = 26.5;
					};
				};
			};
			buildConfigurationList = 153C63932FC9B595009682A9 /* Build configuration list for PBXProject "BirdApp" */;
			developmentRegion = en;
			hasScannedForEncodings = 0;
			knownRegions = (
				en,
				Base,
				es,
				fr,
				de,
				it,
				"pt-PT",
			);
			mainGroup = 153C638F2FC9B595009682A9;
			minimizedProjectReferenceProxies = 1;
			preferredProjectObjectVersion = 77;
			productRefGroup = 153C63992FC9B595009682A9 /* Products */;
			projectDirPath = "";
			projectRoot = "";
			targets = (
				153C63972FC9B595009682A9 /* BirdApp */,
				BDA7B6B42752290A39664271 /* BirdWidget */,
			);
		};
/* End PBXProject section */

/* Begin PBXResourcesBuildPhase section */
		153C63962FC9B595009682A9 /* Resources */ = {
			isa = PBXResourcesBuildPhase;
			buildActionMask = 2147483647;
			files = (
				15960FBB2FCEC146004DE3BA /* PrivacyInfo.xcprivacy in Resources */,
			);
			runOnlyForDeploymentPostprocessing = 0;
		};
		9E78B2F3441307FDC7B835CE /* Resources */ = {
			isa = PBXResourcesBuildPhase;
			buildActionMask = 2147483647;
			files = (
				712E7C9C1EB7BC0A4B6E5600 /* Localizable.strings in Resources */,
			);
			runOnlyForDeploymentPostprocessing = 0;
		};
/* End PBXResourcesBuildPhase section */

/* Begin PBXSourcesBuildPhase section */
		153C63942FC9B595009682A9 /* Sources */ = {
			isa = PBXSourcesBuildPhase;
			buildActionMask = 2147483647;
			files = (
				153C63C72FCA4129009682A9 /* MelSpectrogramExtractor.swift in Sources */,
				0881E6DE04412072AC0A00FE /* BirdWidgetShared.swift in Sources */,
				1A379B01212B90C671893893 /* BirdIntents.swift in Sources */,
			);
			runOnlyForDeploymentPostprocessing = 0;
		};
		487BA6B1EDA3B65D30220217 /* Sources */ = {
			isa = PBXSourcesBuildPhase;
			buildActionMask = 2147483647;
			files = (
				3B4604A8FCC650FA83E073D6 /* BirdWidgetBundle.swift in Sources */,
				277F6FE6D1F357B37C3D1AB3 /* ListenWidget.swift in Sources */,
				4D66C5ABDA8C937048429348 /* LastBirdWidget.swift in Sources */,
				A70987160A48DD726C00A5EC /* BirdWidgetShared.swift in Sources */,
				5708D04A6C527B13541B3527 /* BirdIntents.swift in Sources */,
			);
			runOnlyForDeploymentPostprocessing = 0;
		};
/* End PBXSourcesBuildPhase section */

/* Begin PBXTargetDependency section */
		6F73CCD03FC8FB554217FBC7 /* PBXTargetDependency */ = {
			isa = PBXTargetDependency;
			name = BirdWidget;
			target = BDA7B6B42752290A39664271 /* BirdWidget */;
			targetProxy = 8404F6FFCA6244B55C560FD8 /* PBXContainerItemProxy */;
		};
/* End PBXTargetDependency section */

/* Begin PBXVariantGroup section */
		ED624740B2F6E6654862B332 /* Localizable.strings */ = {
			isa = PBXVariantGroup;
			children = (
				E9A5E4473A6733FE10F2CD1D /* en */,
				BAB4BF65341A81F6BE8C9099 /* es */,
				E759E352C92C8ED695A6378F /* fr */,
				807DF9EF07561303B744FFA8 /* de */,
				30A36E98948E883D78EF0D42 /* it */,
				ADD053E4DE79F3959A463561 /* pt-PT */,
			);
			name = Localizable.strings;
			sourceTree = "<group>";
		};
/* End PBXVariantGroup section */

/* Begin XCBuildConfiguration section */
		153C63A12FC9B597009682A9 /* Debug */ = {
			isa = XCBuildConfiguration;
			buildSettings = {
				ALWAYS_SEARCH_USER_PATHS = NO;
				ASSETCATALOG_COMPILER_GENERATE_SWIFT_ASSET_SYMBOL_EXTENSIONS = YES;
				CLANG_ANALYZER_NONNULL = YES;
				CLANG_ANALYZER_NUMBER_OBJECT_CONVERSION = YES_AGGRESSIVE;
				CLANG_CXX_LANGUAGE_STANDARD = "gnu++20";
				CLANG_ENABLE_MODULES = YES;
				CLANG_ENABLE_OBJC_ARC = YES;
				CLANG_ENABLE_OBJC_WEAK = YES;
				CLANG_WARN_BLOCK_CAPTURE_AUTORELEASING = YES;
				CLANG_WARN_BOOL_CONVERSION = YES;
				CLANG_WARN_COMMA = YES;
				CLANG_WARN_CONSTANT_CONVERSION = YES;
				CLANG_WARN_DEPRECATED_OBJC_IMPLEMENTATIONS = YES;
				CLANG_WARN_DIRECT_OBJC_ISA_USAGE = YES_ERROR;
				CLANG_WARN_DOCUMENTATION_COMMENTS = YES;
				CLANG_WARN_EMPTY_BODY = YES;
				CLANG_WARN_ENUM_CONVERSION = YES;
				CLANG_WARN_INFINITE_RECURSION = YES;
				CLANG_WARN_INT_CONVERSION = YES;
				CLANG_WARN_NON_LITERAL_NULL_CONVERSION = YES;
				CLANG_WARN_OBJC_IMPLICIT_RETAIN_SELF = YES;
				CLANG_WARN_OBJC_LITERAL_CONVERSION = YES;
				CLANG_WARN_OBJC_ROOT_CLASS = YES_ERROR;
				CLANG_WARN_QUOTED_INCLUDE_IN_FRAMEWORK_HEADER = YES;
				CLANG_WARN_RANGE_LOOP_ANALYSIS = YES;
				CLANG_WARN_STRICT_PROTOTYPES = YES;
				CLANG_WARN_SUSPICIOUS_MOVE = YES;
				CLANG_WARN_UNGUARDED_AVAILABILITY = YES_AGGRESSIVE;
				CLANG_WARN_UNREACHABLE_CODE = YES;
				CLANG_WARN__DUPLICATE_METHOD_MATCH = YES;
				COPY_PHASE_STRIP = NO;
				DEBUG_INFORMATION_FORMAT = dwarf;
				DEVELOPMENT_TEAM = JKMR84FU58;
				ENABLE_STRICT_OBJC_MSGSEND = YES;
				ENABLE_TESTABILITY = YES;
				ENABLE_USER_SCRIPT_SANDBOXING = YES;
				GCC_C_LANGUAGE_STANDARD = gnu17;
				GCC_DYNAMIC_NO_PIC = NO;
				GCC_NO_COMMON_BLOCKS = YES;
				GCC_OPTIMIZATION_LEVEL = 0;
				GCC_PREPROCESSOR_DEFINITIONS = (
					"DEBUG=1",
					"$(inherited)",
				);
				GCC_WARN_64_TO_32_BIT_CONVERSION = YES;
				GCC_WARN_ABOUT_RETURN_TYPE = YES_ERROR;
				GCC_WARN_UNDECLARED_SELECTOR = YES;
				GCC_WARN_UNINITIALIZED_AUTOS = YES_AGGRESSIVE;
				GCC_WARN_UNUSED_FUNCTION = YES;
				GCC_WARN_UNUSED_VARIABLE = YES;
				IPHONEOS_DEPLOYMENT_TARGET = 26.5;
				LOCALIZATION_PREFERS_STRING_CATALOGS = YES;
				MTL_ENABLE_DEBUG_INFO = INCLUDE_SOURCE;
				MTL_FAST_MATH = YES;
				ONLY_ACTIVE_ARCH = YES;
				SDKROOT = iphoneos;
				SWIFT_ACTIVE_COMPILATION_CONDITIONS = "DEBUG $(inherited)";
				SWIFT_OPTIMIZATION_LEVEL = "-Onone";
			};
			name = Debug;
		};
		153C63A22FC9B597009682A9 /* Release */ = {
			isa = XCBuildConfiguration;
			buildSettings = {
				ALWAYS_SEARCH_USER_PATHS = NO;
				ASSETCATALOG_COMPILER_GENERATE_SWIFT_ASSET_SYMBOL_EXTENSIONS = YES;
				CLANG_ANALYZER_NONNULL = YES;
				CLANG_ANALYZER_NUMBER_OBJECT_CONVERSION = YES_AGGRESSIVE;
				CLANG_CXX_LANGUAGE_STANDARD = "gnu++20";
				CLANG_ENABLE_MODULES = YES;
				CLANG_ENABLE_OBJC_ARC = YES;
				CLANG_ENABLE_OBJC_WEAK = YES;
				CLANG_WARN_BLOCK_CAPTURE_AUTORELEASING = YES;
				CLANG_WARN_BOOL_CONVERSION = YES;
				CLANG_WARN_COMMA = YES;
				CLANG_WARN_CONSTANT_CONVERSION = YES;
				CLANG_WARN_DEPRECATED_OBJC_IMPLEMENTATIONS = YES;
				CLANG_WARN_DIRECT_OBJC_ISA_USAGE = YES_ERROR;
				CLANG_WARN_DOCUMENTATION_COMMENTS = YES;
				CLANG_WARN_EMPTY_BODY = YES;
				CLANG_WARN_ENUM_CONVERSION = YES;
				CLANG_WARN_INFINITE_RECURSION = YES;
				CLANG_WARN_INT_CONVERSION = YES;
				CLANG_WARN_NON_LITERAL_NULL_CONVERSION = YES;
				CLANG_WARN_OBJC_IMPLICIT_RETAIN_SELF = YES;
				CLANG_WARN_OBJC_LITERAL_CONVERSION = YES;
				CLANG_WARN_OBJC_ROOT_CLASS = YES_ERROR;
				CLANG_WARN_QUOTED_INCLUDE_IN_FRAMEWORK_HEADER = YES;
				CLANG_WARN_RANGE_LOOP_ANALYSIS = YES;
				CLANG_WARN_STRICT_PROTOTYPES = YES;
				CLANG_WARN_SUSPICIOUS_MOVE = YES;
				CLANG_WARN_UNGUARDED_AVAILABILITY = YES_AGGRESSIVE;
				CLANG_WARN_UNREACHABLE_CODE = YES;
				CLANG_WARN__DUPLICATE_METHOD_MATCH = YES;
				COPY_PHASE_STRIP = NO;
				DEBUG_INFORMATION_FORMAT = "dwarf-with-dsym";
				DEVELOPMENT_TEAM = JKMR84FU58;
				ENABLE_NS_ASSERTIONS = NO;
				ENABLE_STRICT_OBJC_MSGSEND = YES;
				ENABLE_USER_SCRIPT_SANDBOXING = YES;
				GCC_C_LANGUAGE_STANDARD = gnu17;
				GCC_NO_COMMON_BLOCKS = YES;
				GCC_WARN_64_TO_32_BIT_CONVERSION = YES;
				GCC_WARN_ABOUT_RETURN_TYPE = YES_ERROR;
				GCC_WARN_UNDECLARED_SELECTOR = YES;
				GCC_WARN_UNINITIALIZED_AUTOS = YES_AGGRESSIVE;
				GCC_WARN_UNUSED_FUNCTION = YES;
				GCC_WARN_UNUSED_VARIABLE = YES;
				IPHONEOS_DEPLOYMENT_TARGET = 26.5;
				LOCALIZATION_PREFERS_STRING_CATALOGS = YES;
				MTL_ENABLE_DEBUG_INFO = NO;
				MTL_FAST_MATH = YES;
				SDKROOT = iphoneos;
				SWIFT_COMPILATION_MODE = wholemodule;
				VALIDATE_PRODUCT = YES;
			};
			name = Release;
		};
		153C63A42FC9B597009682A9 /* Debug */ = {
			isa = XCBuildConfiguration;
			buildSettings = {
				ASSETCATALOG_COMPILER_APPICON_NAME = AppIcon;
				ASSETCATALOG_COMPILER_GLOBAL_ACCENT_COLOR_NAME = AccentColor;
				CODE_SIGN_ENTITLEMENTS = BirdApp/BirdApp.entitlements;
				CODE_SIGN_STYLE = Automatic;
				CURRENT_PROJECT_VERSION = 1;
				DEVELOPMENT_TEAM = JKMR84FU58;
				ENABLE_PREVIEWS = YES;
				GENERATE_INFOPLIST_FILE = YES;
				INFOPLIST_KEY_ITSAppUsesNonExemptEncryption = NO;
				INFOPLIST_KEY_NSLocationWhenInUseUsageDescription = "Pájaros usa tu ubicación para filtrar las detecciones a aves de tu zona.";
				INFOPLIST_KEY_NSCameraUsageDescription = "Pájaros uses the camera so you can photograph a bird and identify it.";
				INFOPLIST_KEY_NSMicrophoneUsageDescription = "Pájaros uses the microphone to listen for birds and identify them by their song.";
				INFOPLIST_KEY_UIApplicationSceneManifest_Generation = YES;
				INFOPLIST_KEY_UIApplicationSupportsIndirectInputEvents = YES;
				INFOPLIST_KEY_UILaunchScreen_Generation = YES;
				INFOPLIST_KEY_UISupportedInterfaceOrientations_iPad = "UIInterfaceOrientationPortrait UIInterfaceOrientationPortraitUpsideDown UIInterfaceOrientationLandscapeLeft UIInterfaceOrientationLandscapeRight";
				INFOPLIST_KEY_UISupportedInterfaceOrientations_iPhone = "UIInterfaceOrientationPortrait UIInterfaceOrientationLandscapeLeft UIInterfaceOrientationLandscapeRight";
				LD_RUNPATH_SEARCH_PATHS = (
					"$(inherited)",
					"@executable_path/Frameworks",
				);
				MARKETING_VERSION = 1.0;
				PRODUCT_BUNDLE_IDENTIFIER = Altamirano.BirdApp;
				PRODUCT_NAME = "$(TARGET_NAME)";
				STRING_CATALOG_GENERATE_SYMBOLS = YES;
				SWIFT_APPROACHABLE_CONCURRENCY = YES;
				SWIFT_DEFAULT_ACTOR_ISOLATION = MainActor;
				SWIFT_EMIT_LOC_STRINGS = YES;
				SWIFT_UPCOMING_FEATURE_MEMBER_IMPORT_VISIBILITY = YES;
				SWIFT_VERSION = 5.0;
				TARGETED_DEVICE_FAMILY = "1,2";
			};
			name = Debug;
		};
		153C63A52FC9B597009682A9 /* Release */ = {
			isa = XCBuildConfiguration;
			buildSettings = {
				ASSETCATALOG_COMPILER_APPICON_NAME = AppIcon;
				ASSETCATALOG_COMPILER_GLOBAL_ACCENT_COLOR_NAME = AccentColor;
				CODE_SIGN_ENTITLEMENTS = BirdApp/BirdApp.entitlements;
				CODE_SIGN_STYLE = Automatic;
				CURRENT_PROJECT_VERSION = 1;
				DEVELOPMENT_TEAM = JKMR84FU58;
				ENABLE_PREVIEWS = YES;
				GENERATE_INFOPLIST_FILE = YES;
				INFOPLIST_KEY_ITSAppUsesNonExemptEncryption = NO;
				INFOPLIST_KEY_NSLocationWhenInUseUsageDescription = "Pájaros usa tu ubicación para filtrar las detecciones a aves de tu zona.";
				INFOPLIST_KEY_NSCameraUsageDescription = "Pájaros uses the camera so you can photograph a bird and identify it.";
				INFOPLIST_KEY_NSMicrophoneUsageDescription = "Pájaros uses the microphone to listen for birds and identify them by their song.";
				INFOPLIST_KEY_UIApplicationSceneManifest_Generation = YES;
				INFOPLIST_KEY_UIApplicationSupportsIndirectInputEvents = YES;
				INFOPLIST_KEY_UILaunchScreen_Generation = YES;
				INFOPLIST_KEY_UISupportedInterfaceOrientations_iPad = "UIInterfaceOrientationPortrait UIInterfaceOrientationPortraitUpsideDown UIInterfaceOrientationLandscapeLeft UIInterfaceOrientationLandscapeRight";
				INFOPLIST_KEY_UISupportedInterfaceOrientations_iPhone = "UIInterfaceOrientationPortrait UIInterfaceOrientationLandscapeLeft UIInterfaceOrientationLandscapeRight";
				LD_RUNPATH_SEARCH_PATHS = (
					"$(inherited)",
					"@executable_path/Frameworks",
				);
				MARKETING_VERSION = 1.0;
				PRODUCT_BUNDLE_IDENTIFIER = Altamirano.BirdApp;
				PRODUCT_NAME = "$(TARGET_NAME)";
				STRING_CATALOG_GENERATE_SYMBOLS = YES;
				SWIFT_APPROACHABLE_CONCURRENCY = YES;
				SWIFT_DEFAULT_ACTOR_ISOLATION = MainActor;
				SWIFT_EMIT_LOC_STRINGS = YES;
				SWIFT_UPCOMING_FEATURE_MEMBER_IMPORT_VISIBILITY = YES;
				SWIFT_VERSION = 5.0;
				TARGETED_DEVICE_FAMILY = "1,2";
			};
			name = Release;
		};
		5E9A48AF79F6683F13C54046 /* Debug */ = {
			isa = XCBuildConfiguration;
			buildSettings = {
				CLANG_ENABLE_OBJC_WEAK = NO;
				CODE_SIGN_ENTITLEMENTS = BirdWidget/BirdWidget.entitlements;
				CODE_SIGN_STYLE = Automatic;
				CURRENT_PROJECT_VERSION = 1;
				DEVELOPMENT_TEAM = JKMR84FU58;
				GENERATE_INFOPLIST_FILE = NO;
				INFOPLIST_FILE = BirdWidget/Info.plist;
				IPHONEOS_DEPLOYMENT_TARGET = 26.5;
				LD_RUNPATH_SEARCH_PATHS = (
					"$(inherited)",
					"@executable_path/Frameworks",
					"@executable_path/../../Frameworks",
				);
				MARKETING_VERSION = 1.0;
				PRODUCT_BUNDLE_IDENTIFIER = Altamirano.BirdApp.BirdWidget;
				PRODUCT_NAME = "$(TARGET_NAME)";
				SDKROOT = iphoneos;
				SKIP_INSTALL = YES;
				SWIFT_EMIT_LOC_STRINGS = YES;
				SWIFT_VERSION = 5.0;
				TARGETED_DEVICE_FAMILY = "1,2";
			};
			name = Debug;
		};
		7034AE262F065589D131D6FA /* Release */ = {
			isa = XCBuildConfiguration;
			buildSettings = {
				CLANG_ENABLE_OBJC_WEAK = NO;
				CODE_SIGN_ENTITLEMENTS = BirdWidget/BirdWidget.entitlements;
				CODE_SIGN_STYLE = Automatic;
				CURRENT_PROJECT_VERSION = 1;
				DEVELOPMENT_TEAM = JKMR84FU58;
				GENERATE_INFOPLIST_FILE = NO;
				INFOPLIST_FILE = BirdWidget/Info.plist;
				IPHONEOS_DEPLOYMENT_TARGET = 26.5;
				LD_RUNPATH_SEARCH_PATHS = (
					"$(inherited)",
					"@executable_path/Frameworks",
					"@executable_path/../../Frameworks",
				);
				MARKETING_VERSION = 1.0;
				PRODUCT_BUNDLE_IDENTIFIER = Altamirano.BirdApp.BirdWidget;
				PRODUCT_NAME = "$(TARGET_NAME)";
				SDKROOT = iphoneos;
				SKIP_INSTALL = YES;
				SWIFT_EMIT_LOC_STRINGS = YES;
				SWIFT_VERSION = 5.0;
				TARGETED_DEVICE_FAMILY = "1,2";
				VALIDATE_PRODUCT = YES;
			};
			name = Release;
		};
/* End XCBuildConfiguration section */

/* Begin XCConfigurationList section */
		153C63932FC9B595009682A9 /* Build configuration list for PBXProject "BirdApp" */ = {
			isa = XCConfigurationList;
			buildConfigurations = (
				153C63A12FC9B597009682A9 /* Debug */,
				153C63A22FC9B597009682A9 /* Release */,
			);
			defaultConfigurationIsVisible = 0;
			defaultConfigurationName = Release;
		};
		153C63A32FC9B597009682A9 /* Build configuration list for PBXNativeTarget "BirdApp" */ = {
			isa = XCConfigurationList;
			buildConfigurations = (
				153C63A42FC9B597009682A9 /* Debug */,
				153C63A52FC9B597009682A9 /* Release */,
			);
			defaultConfigurationIsVisible = 0;
			defaultConfigurationName = Release;
		};
		26F4EE805EA12B332A162779 /* Build configuration list for PBXNativeTarget "BirdWidget" */ = {
			isa = XCConfigurationList;
			buildConfigurations = (
				7034AE262F065589D131D6FA /* Release */,
				5E9A48AF79F6683F13C54046 /* Debug */,
			);
			defaultConfigurationIsVisible = 0;
			defaultConfigurationName = Release;
		};
/* End XCConfigurationList section */
	};
	rootObject = 153C63902FC9B595009682A9 /* Project object */;
}
